Microsoft Visual Studio Solution File, Format Version 12.00
# Visual Studio Version 17
VisualStudioVersion = 17.5.2.0
MinimumVisualStudioVersion = 10.0.40219.1
Project("{FAE04EC0-301F-11D3-BF4B-00C04F79EFBC}") = "ASP_SHOP", "ASP_SHOP.csproj", "{30C50861-10BD-97CC-B49F-C90FC2E6BCBF}"
EndProject
Global
	GlobalSection(SolutionConfigurationPlatforms) = preSolution
		Debug|Any CPU = Debug|Any CPU
		Release|Any CPU = Release|Any CPU
	EndGlobalSection
	GlobalSection(ProjectConfigurationPlatforms) = postSolution
		{30C50861-10BD-97CC-B49F-C90FC2E6BCBF}.Debug|Any CPU.ActiveCfg = Debug|Any CPU
		{30C50861-10BD-97CC-B49F-C90FC2E6BCBF}.Debug|Any CPU.Build.0 = Debug|Any CPU
		{30C50861-10BD-97CC-B49F-C90FC2E6BCBF}.Release|Any CPU.ActiveCfg = Release|Any CPU
		{30C50861-10BD-97CC-B49F-C90FC2E6BCBF}.Release|Any CPU.Build.0 = Release|Any CPU
	EndGlobalSection
	GlobalSection(SolutionProperties) = preSolution
		HideSolutionNode = FALSE
	EndGlobalSection
	GlobalSection(ExtensibilityGlobals) = postSolution
		SolutionGuid = {89C1765B-20E9-4A39-A677-47B14E1802D2}
	EndGlobalSection
EndGlobal
